{
  "name": "scaleph-dev",
  "lockfileVersion": 2,
  "requires": true,
  "packages": {
    "": {
      "dependencies": {
        "monaco-editor": "^0.40.0"
      }
    },
    "node_modules/monaco-editor": {
      "version": "0.40.0",
      "resolved": "https://registry.npmmirror.com/monaco-editor/-/monaco-editor-0.40.0.tgz",
      "integrity": "sha512-1wymccLEuFSMBvCk/jT1YDW/GuxMLYwnFwF9CDyYCxoTw2Pt379J3FUhwy9c43j51JdcxVPjwk0jm0EVDsBS2g=="
    }
  },
  "dependencies": {
    "monaco-editor": {
      "version": "0.40.0",
      "resolved": "https://registry.npmmirror.com/monaco-editor/-/monaco-editor-0.40.0.tgz",
      "integrity": "sha512-1wymccLEuFSMBvCk/jT1YDW/GuxMLYwnFwF9CDyYCxoTw2Pt379J3FUhwy9c43j51JdcxVPjwk0jm0EVDsBS2g=="
    }
  }
}
